Microsoft Visual Studio Solution File, Format Version 12.00
# Visual Studio Version 17
VisualStudioVersion = 17.5.2.0
MinimumVisualStudioVersion = 10.0.40219.1
Project("{FAE04EC0-301F-11D3-BF4B-00C04F79EFBC}") = "WebBanThucAnNhanh", "WebBanThucAnNhanh.csproj", "{F4EFE105-9E86-7070-79AC-54849E3941A7}"
EndProject
Global
	GlobalSection(SolutionConfigurationPlatforms) = preSolution
		Debug|Any CPU = Debug|Any CPU
		Release|Any CPU = Release|Any CPU
	EndGlobalSection
	GlobalSection(ProjectConfigurationPlatforms) = postSolution
		{F4EFE105-9E86-7070-79AC-54849E3941A7}.Debug|Any CPU.ActiveCfg = Debug|Any CPU
		{F4EFE105-9E86-7070-79AC-54849E3941A7}.Debug|Any CPU.Build.0 = Debug|Any CPU
		{F4EFE105-9E86-7070-79AC-54849E3941A7}.Release|Any CPU.ActiveCfg = Release|Any CPU
		{F4EFE105-9E86-7070-79AC-54849E3941A7}.Release|Any CPU.Build.0 = Release|Any CPU
	EndGlobalSection
	GlobalSection(SolutionProperties) = preSolution
		HideSolutionNode = FALSE
	EndGlobalSection
	GlobalSection(ExtensibilityGlobals) = postSolution
		SolutionGuid = {EF5A4C16-4B1E-487C-BE4D-4598E010CD8A}
	EndGlobalSection
EndGlobal
